
Microsoft Visual Studio Solution File, Format Version 12.00
# Visual Studio Version 16
VisualStudioVersion = 16.0.31702.278
MinimumVisualStudioVersion = 10.0.40219.1
Project("{8BC9CEB8-8B4A-11D0-8D11-00A0C91BC942}") = "SFML", "SFML.vcxproj", "{030DFB56-FCE1-4017-ABE0-A1AE10F159FD}"
EndProject
Global
	GlobalSection(SolutionConfigurationPlatforms) = preSolution
		Debug|x64 = Debug|x64
		Debug|x86 = Debug|x86
		Release|x64 = Release|x64
		Release|x86 = Release|x86
	EndGlobalSection
	GlobalSection(ProjectConfigurationPlatforms) = postSolution
		{030DFB56-FCE1-4017-ABE0-A1AE10F159FD}.Debug|x64.ActiveCfg = Debug|x64
		{030DFB56-FCE1-4017-ABE0-A1AE10F159FD}.Debug|x64.Build.0 = Debug|x64
		{030DFB56-FCE1-4017-ABE0-A1AE10F159FD}.Debug|x86.ActiveCfg = Debug|Win32
		{030DFB56-FCE1-4017-ABE0-A1AE10F159FD}.Debug|x86.Build.0 = Debug|Win32
		{030DFB56-FCE1-4017-ABE0-A1AE10F159FD}.Release|x64.ActiveCfg = Release|x64
		{030DFB56-FCE1-4017-ABE0-A1AE10F159FD}.Release|x64.Build.0 = Release|x64
		{030DFB56-FCE1-4017-ABE0-A1AE10F159FD}.Release|x86.ActiveCfg = Release|Win32
		{030DFB56-FCE1-4017-ABE0-A1AE10F159FD}.Release|x86.Build.0 = Release|Win32
	EndGlobalSection
	GlobalSection(SolutionProperties) = preSolution
		HideSolutionNode = FALSE
	EndGlobalSection
	GlobalSection(ExtensibilityGlobals) = postSolution
		SolutionGuid = {E64BDC78-257A-433E-ADCA-6286BCA4DBB7}
	EndGlobalSection
EndGlobal
